{
    "name": "@lamnhh/package-b",
    "version": "1.1.0",
    "lockfileVersion": 2,
    "requires": true,
    "packages": {
        "": {
            "name": "@lamnhh/package-b",
            "version": "1.1.0",
            "license": "ISC",
            "dependencies": {
                "@lamnhh/package-a": "^1.1.0"
            }
        },
        "node_modules/@lamnhh/package-a": {
            "version": "1.1.0",
            "resolved": "https://registry.npmjs.org/@lamnhh/package-a/-/package-a-1.1.0.tgz",
            "integrity": "sha512-flT+T68djZ4fqHesi05m+g92L3PE54+NG9Qy8WGnFcHQSSAXO+dYMDSuRp8U1Vt1AW+VLWUMJWySMXRhdz1YLQ=="
        }
    },
    "dependencies": {
        "@lamnhh/package-a": {
            "version": "1.1.0",
            "resolved": "https://registry.npmjs.org/@lamnhh/package-a/-/package-a-1.1.0.tgz",
            "integrity": "sha512-flT+T68djZ4fqHesi05m+g92L3PE54+NG9Qy8WGnFcHQSSAXO+dYMDSuRp8U1Vt1AW+VLWUMJWySMXRhdz1YLQ=="
        }
    }
}
