{
    "name": "@lamnhh/package-b",
    "version": "1.0.2",
    "lockfileVersion": 2,
    "requires": true,
    "packages": {
        "": {
            "name": "@lamnhh/package-b",
            "version": "1.0.2",
            "license": "ISC",
            "dependencies": {
                "@lamnhh/package-a": "^1.0.0"
            }
        },
        "node_modules/@lamnhh/package-a": {
            "version": "1.0.1",
            "resolved": "https://registry.npmjs.org/@lamnhh/package-a/-/package-a-1.0.1.tgz",
            "integrity": "sha512-mmYtD8/DzYDz+DGSkQWKqBO9jEM6VBictoQnSreR1gNEL5ePjy6fz3ctmyuffiU8ru6p6nOThY+ddFRpggpQSA=="
        }
    },
    "dependencies": {
        "@lamnhh/package-a": {
            "version": "1.0.1",
            "resolved": "https://registry.npmjs.org/@lamnhh/package-a/-/package-a-1.0.1.tgz",
            "integrity": "sha512-mmYtD8/DzYDz+DGSkQWKqBO9jEM6VBictoQnSreR1gNEL5ePjy6fz3ctmyuffiU8ru6p6nOThY+ddFRpggpQSA=="
        }
    }
}
