{
    "name": "package-c",
    "lockfileVersion": 2,
    "requires": true,
    "packages": {
        "": {
            "dependencies": {
                "@lamnhh/package-a": "^1.0.0",
                "@lamnhh/package-b": "^1.0.1"
            },
            "devDependencies": {
                "typescript": "^4.3.2"
            }
        },
        "node_modules/@lamnhh/package-a": {
            "version": "1.0.0",
            "resolved": "https://npm.shopee.io/@lamnhh%2fpackage-a/-/package-a-1.0.0.tgz",
            "integrity": "sha512-rQCoUwBJ5bFjcukRbm2JLlGtIYQs/gOpW5BJUJTpdvtLtMwIjGbhM6AGAvmnETH5wGviaMtM8nv7WPLUNPRdXw==",
            "license": "ISC"
        },
        "node_modules/@lamnhh/package-b": {
            "version": "1.0.1",
            "resolved": "https://npm.shopee.io/@lamnhh%2fpackage-b/-/package-b-1.0.1.tgz",
            "integrity": "sha512-AghbNTZVqEyByuWf3JnkpaJPnFGgzqZm8/zRsoV+xnN1DRAz2hrEdsjXMfoVry88/qy+O+e/X20MYON5qtyEyw==",
            "license": "ISC",
            "dependencies": {
                "@lamnhh/package-a": "^1.0.0"
            }
        },
        "node_modules/typescript": {
            "version": "4.3.2",
            "resolved": "https://npm.shopee.io/typescript/-/typescript-4.3.2.tgz",
            "integrity": "sha512-zZ4hShnmnoVnAHpVHWpTcxdv7dWP60S2FsydQLV8V5PbS3FifjWFFRiHSWpDJahly88PRyV5teTSLoq4eG7mKw==",
            "dev": true,
            "license": "Apache-2.0",
            "bin": {
                "tsc": "bin/tsc",
                "tsserver": "bin/tsserver"
            },
            "engines": {
                "node": ">=4.2.0"
            }
        }
    },
    "dependencies": {
        "@lamnhh/package-a": {
            "version": "1.0.0",
            "resolved": "https://npm.shopee.io/@lamnhh%2fpackage-a/-/package-a-1.0.0.tgz",
            "integrity": "sha512-rQCoUwBJ5bFjcukRbm2JLlGtIYQs/gOpW5BJUJTpdvtLtMwIjGbhM6AGAvmnETH5wGviaMtM8nv7WPLUNPRdXw=="
        },
        "@lamnhh/package-b": {
            "version": "1.0.1",
            "resolved": "https://npm.shopee.io/@lamnhh%2fpackage-b/-/package-b-1.0.1.tgz",
            "integrity": "sha512-AghbNTZVqEyByuWf3JnkpaJPnFGgzqZm8/zRsoV+xnN1DRAz2hrEdsjXMfoVry88/qy+O+e/X20MYON5qtyEyw==",
            "requires": {
                "@lamnhh/package-a": "^1.0.0"
            }
        },
        "typescript": {
            "version": "4.3.2",
            "resolved": "https://npm.shopee.io/typescript/-/typescript-4.3.2.tgz",
            "integrity": "sha512-zZ4hShnmnoVnAHpVHWpTcxdv7dWP60S2FsydQLV8V5PbS3FifjWFFRiHSWpDJahly88PRyV5teTSLoq4eG7mKw==",
            "dev": true
        }
    }
}
